
Microsoft Visual Studio Solution File, Format Version 12.00
# Visual Studio Version 17
VisualStudioVersion = 17.2.32616.157
MinimumVisualStudioVersion = 10.0.40219.1
Project("{FAE04EC0-301F-11D3-BF4B-00C04F79EFBC}") = "SvenskeHus", "SvenskeHus\SvenskeHus.csproj", "{C67900E8-C375-4E99-9CCE-66D44ECF76E8}"
EndProject
Project("{FAE04EC0-301F-11D3-BF4B-00C04F79EFBC}") = "TestSvenskeHus", "TestSvenskeHus\TestSvenskeHus.csproj", "{EA92FD12-7090-479F-871A-954E5D0FBB07}"
EndProject
Global
	GlobalSection(SolutionConfigurationPlatforms) = preSolution
		Debug|Any CPU = Debug|Any CPU
		Release|Any CPU = Release|Any CPU
	EndGlobalSection
	GlobalSection(ProjectConfigurationPlatforms) = postSolution
		{C67900E8-C375-4E99-9CCE-66D44ECF76E8}.Debug|Any CPU.ActiveCfg = Debug|Any CPU
		{C67900E8-C375-4E99-9CCE-66D44ECF76E8}.Debug|Any CPU.Build.0 = Debug|Any CPU
		{C67900E8-C375-4E99-9CCE-66D44ECF76E8}.Release|Any CPU.ActiveCfg = Release|Any CPU
		{C67900E8-C375-4E99-9CCE-66D44ECF76E8}.Release|Any CPU.Build.0 = Release|Any CPU
		{EA92FD12-7090-479F-871A-954E5D0FBB07}.Debug|Any CPU.ActiveCfg = Debug|Any CPU
		{EA92FD12-7090-479F-871A-954E5D0FBB07}.Debug|Any CPU.Build.0 = Debug|Any CPU
		{EA92FD12-7090-479F-871A-954E5D0FBB07}.Release|Any CPU.ActiveCfg = Release|Any CPU
		{EA92FD12-7090-479F-871A-954E5D0FBB07}.Release|Any CPU.Build.0 = Release|Any CPU
	EndGlobalSection
	GlobalSection(SolutionProperties) = preSolution
		HideSolutionNode = FALSE
	EndGlobalSection
	GlobalSection(ExtensibilityGlobals) = postSolution
		SolutionGuid = {37601722-9739-4C6F-A133-63F6FB8B7E92}
	EndGlobalSection
EndGlobal
